// !$*UTF8*$!
{
	archiveVersion = 1;
	classes = {
	};
	objectVersion = 46;
	objects = {

/* Begin PBXBuildFile section */
		0207DA581B56EA530066E2B4 /* Images.xcassets in Resources */ = {isa = PBXBuildFile; fileRef = 0207DA571B56EA530066E2B4 /* Images.xcassets */; };
		1D3623260D0F684500981E51 /* AppDelegate.m in Sources */ = {isa = PBXBuildFile; fileRef = 1D3623250D0F684500981E51 /* AppDelegate.m */; };
		1D60589B0D05DD56006BFB54 /* main.m in Sources */ = {isa = PBXBuildFile; fileRef = 29B97316FDCFA39411CA2CEA /* main.m */; };
		301BF552109A68D80062928A /* libCordova.a in Frameworks */ = {isa = PBXBuildFile; fileRef = 301BF535109A57CC0062928A /* libCordova.a */; };
		302D95F114D2391D003F00A1 /* MainViewController.m in Sources */ = {isa = PBXBuildFile; fileRef = 302D95EF14D2391D003F00A1 /* MainViewController.m */; };
		302D95F214D2391D003F00A1 /* MainViewController.xib in Resources */ = {isa = PBXBuildFile; fileRef = 302D95F014D2391D003F00A1 /* MainViewController.xib */; };
		3047A5121AB8059700498E2A /* build-debug.xcconfig in Resources */ = {isa = PBXBuildFile; fileRef = 3047A50F1AB8059700498E2A /* build-debug.xcconfig */; };
		3047A5131AB8059700498E2A /* build-release.xcconfig in Resources */ = {isa = PBXBuildFile; fileRef = 3047A5101AB8059700498E2A /* build-release.xcconfig */; };
		3047A5141AB8059700498E2A /* build.xcconfig in Resources */ = {isa = PBXBuildFile; fileRef = 3047A5111AB8059700498E2A /* build.xcconfig */; };
		3F04761DB3FB4D1F8F666B94 /* CDVFile.m in Sources */ = {isa = PBXBuildFile; fileRef = 6C448A1E1F804E4096089899 /* CDVFile.m */; };
		7C6CCC6C1D79DD1A00BE3B7D /* aescrypt.c in Sources */ = {isa = PBXBuildFile; fileRef = 7C6CCC491D79DD1A00BE3B7D /* aescrypt.c */; };
		7C6CCC6D1D79DD1A00BE3B7D /* aescrypt.c in Sources */ = {isa = PBXBuildFile; fileRef = 7C6CCC491D79DD1A00BE3B7D /* aescrypt.c */; };
		7C6CCC6E1D79DD1A00BE3B7D /* aeskey.c in Sources */ = {isa = PBXBuildFile; fileRef = 7C6CCC4A1D79DD1A00BE3B7D /* aeskey.c */; };
		7C6CCC6F1D79DD1A00BE3B7D /* aeskey.c in Sources */ = {isa = PBXBuildFile; fileRef = 7C6CCC4A1D79DD1A00BE3B7D /* aeskey.c */; };
		7C6CCC701D79DD1A00BE3B7D /* aestab.c in Sources */ = {isa = PBXBuildFile; fileRef = 7C6CCC4C1D79DD1A00BE3B7D /* aestab.c */; };
		7C6CCC711D79DD1A00BE3B7D /* aestab.c in Sources */ = {isa = PBXBuildFile; fileRef = 7C6CCC4C1D79DD1A00BE3B7D /* aestab.c */; };
		7C6CCC721D79DD1A00BE3B7D /* entropy.c in Sources */ = {isa = PBXBuildFile; fileRef = 7C6CCC501D79DD1A00BE3B7D /* entropy.c */; };
		7C6CCC731D79DD1A00BE3B7D /* entropy.c in Sources */ = {isa = PBXBuildFile; fileRef = 7C6CCC501D79DD1A00BE3B7D /* entropy.c */; };
		7C6CCC741D79DD1A00BE3B7D /* fileenc.c in Sources */ = {isa = PBXBuildFile; fileRef = 7C6CCC521D79DD1A00BE3B7D /* fileenc.c */; };
		7C6CCC751D79DD1A00BE3B7D /* fileenc.c in Sources */ = {isa = PBXBuildFile; fileRef = 7C6CCC521D79DD1A00BE3B7D /* fileenc.c */; };
		7C6CCC761D79DD1A00BE3B7D /* hmac.c in Sources */ = {isa = PBXBuildFile; fileRef = 7C6CCC541D79DD1A00BE3B7D /* hmac.c */; };
		7C6CCC771D79DD1A00BE3B7D /* hmac.c in Sources */ = {isa = PBXBuildFile; fileRef = 7C6CCC541D79DD1A00BE3B7D /* hmac.c */; };
		7C6CCC781D79DD1A00BE3B7D /* prng.c in Sources */ = {isa = PBXBuildFile; fileRef = 7C6CCC561D79DD1A00BE3B7D /* prng.c */; };
		7C6CCC791D79DD1A00BE3B7D /* prng.c in Sources */ = {isa = PBXBuildFile; fileRef = 7C6CCC561D79DD1A00BE3B7D /* prng.c */; };
		7C6CCC7A1D79DD1A00BE3B7D /* pwd2key.c in Sources */ = {isa = PBXBuildFile; fileRef = 7C6CCC581D79DD1A00BE3B7D /* pwd2key.c */; };
		7C6CCC7B1D79DD1A00BE3B7D /* pwd2key.c in Sources */ = {isa = PBXBuildFile; fileRef = 7C6CCC581D79DD1A00BE3B7D /* pwd2key.c */; };
		7C6CCC7C1D79DD1A00BE3B7D /* sha1.c in Sources */ = {isa = PBXBuildFile; fileRef = 7C6CCC5A1D79DD1A00BE3B7D /* sha1.c */; };
		7C6CCC7D1D79DD1A00BE3B7D /* sha1.c in Sources */ = {isa = PBXBuildFile; fileRef = 7C6CCC5A1D79DD1A00BE3B7D /* sha1.c */; };
		7C6CCC7E1D79DD1A00BE3B7D /* Info.plist in Resources */ = {isa = PBXBuildFile; fileRef = 7C6CCC5C1D79DD1A00BE3B7D /* Info.plist */; };
		7C6CCC7F1D79DD1A00BE3B7D /* Info.plist in Resources */ = {isa = PBXBuildFile; fileRef = 7C6CCC5C1D79DD1A00BE3B7D /* Info.plist */; };
		7C6CCC801D79DD1A00BE3B7D /* ioapi.c in Sources */ = {isa = PBXBuildFile; fileRef = 7C6CCC5F1D79DD1A00BE3B7D /* ioapi.c */; };
		7C6CCC811D79DD1A00BE3B7D /* ioapi.c in Sources */ = {isa = PBXBuildFile; fileRef = 7C6CCC5F1D79DD1A00BE3B7D /* ioapi.c */; };
		7C6CCC821D79DD1A00BE3B7D /* mztools.c in Sources */ = {isa = PBXBuildFile; fileRef = 7C6CCC611D79DD1A00BE3B7D /* mztools.c */; };
		7C6CCC831D79DD1A00BE3B7D /* mztools.c in Sources */ = {isa = PBXBuildFile; fileRef = 7C6CCC611D79DD1A00BE3B7D /* mztools.c */; };
		7C6CCC841D79DD1A00BE3B7D /* unzip.c in Sources */ = {isa = PBXBuildFile; fileRef = 7C6CCC631D79DD1A00BE3B7D /* unzip.c */; };
		7C6CCC851D79DD1A00BE3B7D /* unzip.c in Sources */ = {isa = PBXBuildFile; fileRef = 7C6CCC631D79DD1A00BE3B7D /* unzip.c */; };
		7C6CCC861D79DD1A00BE3B7D /* zip.c in Sources */ = {isa = PBXBuildFile; fileRef = 7C6CCC651D79DD1A00BE3B7D /* zip.c */; };
		7C6CCC871D79DD1A00BE3B7D /* zip.c in Sources */ = {isa = PBXBuildFile; fileRef = 7C6CCC651D79DD1A00BE3B7D /* zip.c */; };
		7C6CCC8A1D79DD1A00BE3B7D /* SSZipArchive.m in Sources */ = {isa = PBXBuildFile; fileRef = 7C6CCC691D79DD1A00BE3B7D /* SSZipArchive.m */; };
		7C6CCC8B1D79DD1A00BE3B7D /* SSZipArchive.m in Sources */ = {isa = PBXBuildFile; fileRef = 7C6CCC691D79DD1A00BE3B7D /* SSZipArchive.m */; };
		7C6CCC8C1D79DD6E00BE3B7D /* libz.1.dylib in Frameworks */ = {isa = PBXBuildFile; fileRef = 7C6CCC271D79DAE000BE3B7D /* libz.1.dylib */; };
		7C6CCC8D1D79DE1D00BE3B7D /* libz.1.dylib in Frameworks */ = {isa = PBXBuildFile; fileRef = 7C6CCC271D79DAE000BE3B7D /* libz.1.dylib */; };
		7CC8DD121D79D57D0052E0FF /* ShareViewController.m in Sources */ = {isa = PBXBuildFile; fileRef = 7CF3F0881D78663C00264278 /* ShareViewController.m */; };
		7CF3F08C1D78663C00264278 /* MainInterface.storyboard in Resources */ = {isa = PBXBuildFile; fileRef = 7CF3F08A1D78663C00264278 /* MainInterface.storyboard */; };
		7CF3F0901D78663C00264278 /* inTimeShare.appex in Embed App Extensions */ = {isa = PBXBuildFile; fileRef = 7CF3F0851D78663C00264278 /* inTimeShare.appex */; settings = {ATTRIBUTES = (RemoveHeadersOnCopy, ); }; };
		7CF3F0961D78670E00264278 /* PassKit.framework in Frameworks */ = {isa = PBXBuildFile; fileRef = 7CF3F0951D78670E00264278 /* PassKit.framework */; };
		7CF3F09A1D79C7A300264278 /* ShareViewController.m in Sources */ = {isa = PBXBuildFile; fileRef = 7CF3F0881D78663C00264278 /* ShareViewController.m */; };
		95AF06E31F4148D5B03D73A3 /* ShareExtensionHandler.m in Sources */ = {isa = PBXBuildFile; fileRef = 58BFE40E40F34AA6B50FA881 /* ShareExtensionHandler.m */; };
		E5F1B0ACFB6F47269095F966 /* CDVAssetLibraryFilesystem.m in Sources */ = {isa = PBXBuildFile; fileRef = 25753A4894A6433C8AE79796 /* CDVAssetLibraryFilesystem.m */; };
		F9BFD99FD328440080E2BCE1 /* CDVLocalFilesystem.m in Sources */ = {isa = PBXBuildFile; fileRef = 2CB130E272824BB3A7213DFA /* CDVLocalFilesystem.m */; };
/* End PBXBuildFile section */

/* Begin PBXContainerItemProxy section */
		301BF534109A57CC0062928A /* PBXContainerItemProxy */ = {
			isa = PBXContainerItemProxy;
			containerPortal = 301BF52D109A57CC0062928A /* CordovaLib.xcodeproj */;
			proxyType = 2;
			remoteGlobalIDString = D2AAC07E0554694100DB518D;
			remoteInfo = CordovaLib;
		};
		301BF550109A68C00062928A /* PBXContainerItemProxy */ = {
			isa = PBXContainerItemProxy;
			containerPortal = 301BF52D109A57CC0062928A /* CordovaLib.xcodeproj */;
			proxyType = 1;
			remoteGlobalIDString = D2AAC07D0554694100DB518D;
			remoteInfo = CordovaLib;
		};
		7CF3F08E1D78663C00264278 /* PBXContainerItemProxy */ = {
			isa = PBXContainerItemProxy;
			containerPortal = 29B97313FDCFA39411CA2CEA /* Project object */;
			proxyType = 1;
			remoteGlobalIDString = 7CF3F0841D78663C00264278;
			remoteInfo = inTimeShare;
		};
/* End PBXContainerItemProxy section */

/* Begin PBXCopyFilesBuildPhase section */
		7CF3F0941D78663C00264278 /* Embed App Extensions */ = {
			isa = PBXCopyFilesBuildPhase;
			buildActionMask = 2147483647;
			dstPath = "";
			dstSubfolderSpec = 13;
			files = (
				7CF3F0901D78663C00264278 /* inTimeShare.appex in Embed App Extensions */,
			);
			name = "Embed App Extensions";
			runOnlyForDeploymentPostprocessing = 0;
		};
/* End PBXCopyFilesBuildPhase section */

/* Begin PBXFileReference section */
		0207DA571B56EA530066E2B4 /* Images.xcassets */ = {isa = PBXFileReference; lastKnownFileType = folder.assetcatalog; name = Images.xcassets; path = "intime-share/Images.xcassets"; sourceTree = SOURCE_ROOT; };
		0465B13DED2041F692626718 /* CDVLocalFilesystem.h */ = {isa = PBXFileReference; explicitFileType = undefined; fileEncoding = 4; includeInIndex = 0; lastKnownFileType = sourcecode.c.h; name = CDVLocalFilesystem.h; path = "cordova-plugin-file/CDVLocalFilesystem.h"; sourceTree = "<group>"; };
		0D8F2E4C1D79BF5B00763300 /* libz.tbd */ = {isa = PBXFileReference; lastKnownFileType = "sourcecode.text-based-dylib-definition"; name = libz.tbd; path = usr/lib/libz.tbd; sourceTree = SDKROOT; };
		1D3623240D0F684500981E51 /* AppDelegate.h */ = {isa = PBXFileReference; fileEncoding = 4; lastKnownFileType = sourcecode.c.h; path = AppDelegate.h; sourceTree = "<group>"; };
		1D3623250D0F684500981E51 /* AppDelegate.m */ = {isa = PBXFileReference; fileEncoding = 4; lastKnownFileType = sourcecode.c.objc; path = AppDelegate.m; sourceTree = "<group>"; };
		1D6058910D05DD3D006BFB54 /* intime-share.app */ = {isa = PBXFileReference; explicitFileType = wrapper.application; includeInIndex = 0; path = "intime-share.app"; sourceTree = BUILT_PRODUCTS_DIR; };
		25753A4894A6433C8AE79796 /* CDVAssetLibraryFilesystem.m */ = {isa = PBXFileReference; explicitFileType = undefined; fileEncoding = 4; includeInIndex = 0; lastKnownFileType = sourcecode.c.objc; name = CDVAssetLibraryFilesystem.m; path = "cordova-plugin-file/CDVAssetLibraryFilesystem.m"; sourceTree = "<group>"; };
		29B97316FDCFA39411CA2CEA /* main.m */ = {isa = PBXFileReference; fileEncoding = 4; lastKnownFileType = sourcecode.c.objc; path = main.m; sourceTree = "<group>"; };
		2CB130E272824BB3A7213DFA /* CDVLocalFilesystem.m */ = {isa = PBXFileReference; explicitFileType = undefined; fileEncoding = 4; includeInIndex = 0; lastKnownFileType = sourcecode.c.objc; name = CDVLocalFilesystem.m; path = "cordova-plugin-file/CDVLocalFilesystem.m"; sourceTree = "<group>"; };
		301BF52D109A57CC0062928A /* CordovaLib.xcodeproj */ = {isa = PBXFileReference; lastKnownFileType = "wrapper.pb-project"; name = CordovaLib.xcodeproj; path = CordovaLib/CordovaLib.xcodeproj; sourceTree = "<group>"; };
		301BF56E109A69640062928A /* www */ = {isa = PBXFileReference; lastKnownFileType = folder; path = www; sourceTree = SOURCE_ROOT; };
		302D95EE14D2391D003F00A1 /* MainViewController.h */ = {isa = PBXFileReference; fileEncoding = 4; lastKnownFileType = sourcecode.c.h; path = MainViewController.h; sourceTree = "<group>"; };
		302D95EF14D2391D003F00A1 /* MainViewController.m */ = {isa = PBXFileReference; fileEncoding = 4; lastKnownFileType = sourcecode.c.objc; path = MainViewController.m; sourceTree = "<group>"; };
		302D95F014D2391D003F00A1 /* MainViewController.xib */ = {isa = PBXFileReference; fileEncoding = 4; lastKnownFileType = file.xib; path = MainViewController.xib; sourceTree = "<group>"; };
		3047A50F1AB8059700498E2A /* build-debug.xcconfig */ = {isa = PBXFileReference; fileEncoding = 4; lastKnownFileType = text.xcconfig; name = "build-debug.xcconfig"; path = "cordova/build-debug.xcconfig"; sourceTree = SOURCE_ROOT; };
		3047A5101AB8059700498E2A /* build-release.xcconfig */ = {isa = PBXFileReference; fileEncoding = 4; lastKnownFileType = text.xcconfig; name = "build-release.xcconfig"; path = "cordova/build-release.xcconfig"; sourceTree = SOURCE_ROOT; };
		3047A5111AB8059700498E2A /* build.xcconfig */ = {isa = PBXFileReference; fileEncoding = 4; lastKnownFileType = text.xcconfig; name = build.xcconfig; path = cordova/build.xcconfig; sourceTree = SOURCE_ROOT; };
		32CA4F630368D1EE00C91783 /* intime-share-Prefix.pch */ = {isa = PBXFileReference; fileEncoding = 4; lastKnownFileType = sourcecode.c.h; path = "intime-share-Prefix.pch"; sourceTree = "<group>"; };
		58BFE40E40F34AA6B50FA881 /* ShareExtensionHandler.m */ = {isa = PBXFileReference; explicitFileType = undefined; fileEncoding = 4; includeInIndex = 0; lastKnownFileType = sourcecode.c.objc; name = ShareExtensionHandler.m; path = "cordova-share-extension-handler/ShareExtensionHandler.m"; sourceTree = "<group>"; };
		6C448A1E1F804E4096089899 /* CDVFile.m */ = {isa = PBXFileReference; explicitFileType = undefined; fileEncoding = 4; includeInIndex = 0; lastKnownFileType = sourcecode.c.objc; name = CDVFile.m; path = "cordova-plugin-file/CDVFile.m"; sourceTree = "<group>"; };
		7C6CCC271D79DAE000BE3B7D /* libz.1.dylib */ = {isa = PBXFileReference; lastKnownFileType = "compiled.mach-o.dylib"; name = libz.1.dylib; path = ../../../../../../../usr/lib/libz.1.dylib; sourceTree = "<group>"; };
		7C6CCC471D79DD1A00BE3B7D /* aes.h */ = {isa = PBXFileReference; fileEncoding = 4; lastKnownFileType = sourcecode.c.h; path = aes.h; sourceTree = "<group>"; };
		7C6CCC481D79DD1A00BE3B7D /* aes_via_ace.h */ = {isa = PBXFileReference; fileEncoding = 4; lastKnownFileType = sourcecode.c.h; path = aes_via_ace.h; sourceTree = "<group>"; };
		7C6CCC491D79DD1A00BE3B7D /* aescrypt.c */ = {isa = PBXFileReference; fileEncoding = 4; lastKnownFileType = sourcecode.c.c; path = aescrypt.c; sourceTree = "<group>"; };
		7C6CCC4A1D79DD1A00BE3B7D /* aeskey.c */ = {isa = PBXFileReference; fileEncoding = 4; lastKnownFileType = sourcecode.c.c; path = aeskey.c; sourceTree = "<group>"; };
		7C6CCC4B1D79DD1A00BE3B7D /* aesopt.h */ = {isa = PBXFileReference; fileEncoding = 4; lastKnownFileType = sourcecode.c.h; path = aesopt.h; sourceTree = "<group>"; };
		7C6CCC4C1D79DD1A00BE3B7D /* aestab.c */ = {isa = PBXFileReference; fileEncoding = 4; lastKnownFileType = sourcecode.c.c; path = aestab.c; sourceTree = "<group>"; };
		7C6CCC4D1D79DD1A00BE3B7D /* aestab.h */ = {isa = PBXFileReference; fileEncoding = 4; lastKnownFileType = sourcecode.c.h; path = aestab.h; sourceTree = "<group>"; };
		7C6CCC4E1D79DD1A00BE3B7D /* brg_endian.h */ = {isa = PBXFileReference; fileEncoding = 4; lastKnownFileType = sourcecode.c.h; path = brg_endian.h; sourceTree = "<group>"; };
		7C6CCC4F1D79DD1A00BE3B7D /* brg_types.h */ = {isa = PBXFileReference; fileEncoding = 4; lastKnownFileType = sourcecode.c.h; path = brg_types.h; sourceTree = "<group>"; };
		7C6CCC501D79DD1A00BE3B7D /* entropy.c */ = {isa = PBXFileReference; fileEncoding = 4; lastKnownFileType = sourcecode.c.c; path = entropy.c; sourceTree = "<group>"; };
		7C6CCC511D79DD1A00BE3B7D /* entropy.h */ = {isa = PBXFileReference; fileEncoding = 4; lastKnownFileType = sourcecode.c.h; path = entropy.h; sourceTree = "<group>"; };
		7C6CCC521D79DD1A00BE3B7D /* fileenc.c */ = {isa = PBXFileReference; fileEncoding = 4; lastKnownFileType = sourcecode.c.c; path = fileenc.c; sourceTree = "<group>"; };
		7C6CCC531D79DD1A00BE3B7D /* fileenc.h */ = {isa = PBXFileReference; fileEncoding = 4; lastKnownFileType = sourcecode.c.h; path = fileenc.h; sourceTree = "<group>"; };
		7C6CCC541D79DD1A00BE3B7D /* hmac.c */ = {isa = PBXFileReference; fileEncoding = 4; lastKnownFileType = sourcecode.c.c; path = hmac.c; sourceTree = "<group>"; };
		7C6CCC551D79DD1A00BE3B7D /* hmac.h */ = {isa = PBXFileReference; fileEncoding = 4; lastKnownFileType = sourcecode.c.h; path = hmac.h; sourceTree = "<group>"; };
		7C6CCC561D79DD1A00BE3B7D /* prng.c */ = {isa = PBXFileReference; fileEncoding = 4; lastKnownFileType = sourcecode.c.c; path = prng.c; sourceTree = "<group>"; };
		7C6CCC571D79DD1A00BE3B7D /* prng.h */ = {isa = PBXFileReference; fileEncoding = 4; lastKnownFileType = sourcecode.c.h; path = prng.h; sourceTree = "<group>"; };
		7C6CCC581D79DD1A00BE3B7D /* pwd2key.c */ = {isa = PBXFileReference; fileEncoding = 4; lastKnownFileType = sourcecode.c.c; path = pwd2key.c; sourceTree = "<group>"; };
		7C6CCC591D79DD1A00BE3B7D /* pwd2key.h */ = {isa = PBXFileReference; fileEncoding = 4; lastKnownFileType = sourcecode.c.h; path = pwd2key.h; sourceTree = "<group>"; };
		7C6CCC5A1D79DD1A00BE3B7D /* sha1.c */ = {isa = PBXFileReference; fileEncoding = 4; lastKnownFileType = sourcecode.c.c; path = sha1.c; sourceTree = "<group>"; };
		7C6CCC5B1D79DD1A00BE3B7D /* sha1.h */ = {isa = PBXFileReference; fileEncoding = 4; lastKnownFileType = sourcecode.c.h; path = sha1.h; sourceTree = "<group>"; };
		7C6CCC5C1D79DD1A00BE3B7D /* Info.plist */ = {isa = PBXFileReference; fileEncoding = 4; lastKnownFileType = text.plist.xml; path = Info.plist; sourceTree = "<group>"; };
		7C6CCC5E1D79DD1A00BE3B7D /* crypt.h */ = {isa = PBXFileReference; fileEncoding = 4; lastKnownFileType = sourcecode.c.h; path = crypt.h; sourceTree = "<group>"; };
		7C6CCC5F1D79DD1A00BE3B7D /* ioapi.c */ = {isa = PBXFileReference; fileEncoding = 4; lastKnownFileType = sourcecode.c.c; path = ioapi.c; sourceTree = "<group>"; };
		7C6CCC601D79DD1A00BE3B7D /* ioapi.h */ = {isa = PBXFileReference; fileEncoding = 4; lastKnownFileType = sourcecode.c.h; path = ioapi.h; sourceTree = "<group>"; };
		7C6CCC611D79DD1A00BE3B7D /* mztools.c */ = {isa = PBXFileReference; fileEncoding = 4; lastKnownFileType = sourcecode.c.c; path = mztools.c; sourceTree = "<group>"; };
		7C6CCC621D79DD1A00BE3B7D /* mztools.h */ = {isa = PBXFileReference; fileEncoding = 4; lastKnownFileType = sourcecode.c.h; path = mztools.h; sourceTree = "<group>"; };
		7C6CCC631D79DD1A00BE3B7D /* unzip.c */ = {isa = PBXFileReference; fileEncoding = 4; lastKnownFileType = sourcecode.c.c; path = unzip.c; sourceTree = "<group>"; };
		7C6CCC641D79DD1A00BE3B7D /* unzip.h */ = {isa = PBXFileReference; fileEncoding = 4; lastKnownFileType = sourcecode.c.h; path = unzip.h; sourceTree = "<group>"; };
		7C6CCC651D79DD1A00BE3B7D /* zip.c */ = {isa = PBXFileReference; fileEncoding = 4; lastKnownFileType = sourcecode.c.c; path = zip.c; sourceTree = "<group>"; };
		7C6CCC661D79DD1A00BE3B7D /* zip.h */ = {isa = PBXFileReference; fileEncoding = 4; lastKnownFileType = sourcecode.c.h; path = zip.h; sourceTree = "<group>"; };
		7C6CCC671D79DD1A00BE3B7D /* SSZipArchive+Swift.swift */ = {isa = PBXFileReference; fileEncoding = 4; lastKnownFileType = sourcecode.swift; path = "SSZipArchive+Swift.swift"; sourceTree = "<group>"; };
		7C6CCC681D79DD1A00BE3B7D /* SSZipArchive.h */ = {isa = PBXFileReference; fileEncoding = 4; lastKnownFileType = sourcecode.c.h; path = SSZipArchive.h; sourceTree = "<group>"; };
		7C6CCC691D79DD1A00BE3B7D /* SSZipArchive.m */ = {isa = PBXFileReference; fileEncoding = 4; lastKnownFileType = sourcecode.c.objc; path = SSZipArchive.m; sourceTree = "<group>"; };
		7C6CCC6A1D79DD1A00BE3B7D /* SSZipCommon.h */ = {isa = PBXFileReference; fileEncoding = 4; lastKnownFileType = sourcecode.c.h; path = SSZipCommon.h; sourceTree = "<group>"; };
		7C6CCC6B1D79DD1A00BE3B7D /* ZipArchive.h */ = {isa = PBXFileReference; fileEncoding = 4; lastKnownFileType = sourcecode.c.h; path = ZipArchive.h; sourceTree = "<group>"; };
		7CF3F0851D78663C00264278 /* inTimeShare.appex */ = {isa = PBXFileReference; explicitFileType = "wrapper.app-extension"; includeInIndex = 0; path = inTimeShare.appex; sourceTree = BUILT_PRODUCTS_DIR; };
		7CF3F0871D78663C00264278 /* ShareViewController.h */ = {isa = PBXFileReference; lastKnownFileType = sourcecode.c.h; path = ShareViewController.h; sourceTree = "<group>"; };
		7CF3F0881D78663C00264278 /* ShareViewController.m */ = {isa = PBXFileReference; lastKnownFileType = sourcecode.c.objc; path = ShareViewController.m; sourceTree = "<group>"; };
		7CF3F08B1D78663C00264278 /* Base */ = {isa = PBXFileReference; lastKnownFileType = file.storyboard; name = Base; path = Base.lproj/MainInterface.storyboard; sourceTree = "<group>"; };
		7CF3F08D1D78663C00264278 /* Info.plist */ = {isa = PBXFileReference; lastKnownFileType = text.plist.xml; path = Info.plist; sourceTree = "<group>"; };
		7CF3F0951D78670E00264278 /* PassKit.framework */ = {isa = PBXFileReference; lastKnownFileType = wrapper.framework; name = PassKit.framework; path = System/Library/Frameworks/PassKit.framework; sourceTree = SDKROOT; };
		7CF3F0971D78670E00264278 /* intime-share.entitlements */ = {isa = PBXFileReference; lastKnownFileType = text.xml; name = "intime-share.entitlements"; path = "intime-share/intime-share.entitlements"; sourceTree = "<group>"; };
		7CF3F0981D78672400264278 /* inTimeShare.entitlements */ = {isa = PBXFileReference; lastKnownFileType = text.xml; path = inTimeShare.entitlements; sourceTree = "<group>"; };
		8D1107310486CEB800E47090 /* intime-share-Info.plist */ = {isa = PBXFileReference; fileEncoding = 4; lastKnownFileType = text.plist.xml; name = "intime-share-Info.plist"; path = "intime-share/intime-share-Info.plist"; plistStructureDefinitionIdentifier = "com.apple.xcode.plist.structure-definition.iphone.info-plist"; sourceTree = SOURCE_ROOT; };
		AD69279BC02048A795A26105 /* CDVFile.h */ = {isa = PBXFileReference; explicitFileType = undefined; fileEncoding = 4; includeInIndex = 0; lastKnownFileType = sourcecode.c.h; name = CDVFile.h; path = "cordova-plugin-file/CDVFile.h"; sourceTree = "<group>"; };
		B5419F20B9E14085A4D5557E /* ShareExtensionHandler.h */ = {isa = PBXFileReference; explicitFileType = undefined; fileEncoding = 4; includeInIndex = 0; lastKnownFileType = sourcecode.c.h; name = ShareExtensionHandler.h; path = "cordova-share-extension-handler/ShareExtensionHandler.h"; sourceTree = "<group>"; };
		B93347291A4B4F00BEC1CF70 /* CDVAssetLibraryFilesystem.h */ = {isa = PBXFileReference; explicitFileType = undefined; fileEncoding = 4; includeInIndex = 0; lastKnownFileType = sourcecode.c.h; name = CDVAssetLibraryFilesystem.h; path = "cordova-plugin-file/CDVAssetLibraryFilesystem.h"; sourceTree = "<group>"; };
		EB87FDF31871DA8E0020F90C /* www */ = {isa = PBXFileReference; lastKnownFileType = folder; name = www; path = ../../www; sourceTree = "<group>"; };
		EB87FDF41871DAF40020F90C /* config.xml */ = {isa = PBXFileReference; lastKnownFileType = text.xml; name = config.xml; path = ../../config.xml; sourceTree = "<group>"; };
		ED33DF2A687741AEAF9F8254 /* Bridging-Header.h */ = {isa = PBXFileReference; fileEncoding = 4; lastKnownFileType = sourcecode.c.h; path = "Bridging-Header.h"; sourceTree = "<group>"; };
		F840E1F0165FE0F500CFE078 /* config.xml */ = {isa = PBXFileReference; lastKnownFileType = text.xml; name = config.xml; path = "intime-share/config.xml"; sourceTree = "<group>"; };
/* End PBXFileReference section */

/* Begin PBXFrameworksBuildPhase section */
		1D60588F0D05DD3D006BFB54 /* Frameworks */ = {
			isa = PBXFrameworksBuildPhase;
			buildActionMask = 2147483647;
			files = (
				7C6CCC8D1D79DE1D00BE3B7D /* libz.1.dylib in Frameworks */,
				7CF3F0961D78670E00264278 /* PassKit.framework in Frameworks */,
				301BF552109A68D80062928A /* libCordova.a in Frameworks */,
			);
			runOnlyForDeploymentPostprocessing = 0;
		};
		7CF3F0821D78663C00264278 /* Frameworks */ = {
			isa = PBXFrameworksBuildPhase;
			buildActionMask = 2147483647;
			files = (
				7C6CCC8C1D79DD6E00BE3B7D /* libz.1.dylib in Frameworks */,
			);
			runOnlyForDeploymentPostprocessing = 0;
		};
/* End PBXFrameworksBuildPhase section */

/* Begin PBXGroup section */
		080E96DDFE201D6D7F000001 /* Classes */ = {
			isa = PBXGroup;
			children = (
				302D95EE14D2391D003F00A1 /* MainViewController.h */,
				302D95EF14D2391D003F00A1 /* MainViewController.m */,
				302D95F014D2391D003F00A1 /* MainViewController.xib */,
				1D3623240D0F684500981E51 /* AppDelegate.h */,
				1D3623250D0F684500981E51 /* AppDelegate.m */,
			);
			name = Classes;
			path = "intime-share/Classes";
			sourceTree = SOURCE_ROOT;
		};
		19C28FACFE9D520D11CA2CBB /* Products */ = {
			isa = PBXGroup;
			children = (
				1D6058910D05DD3D006BFB54 /* intime-share.app */,
				7CF3F0851D78663C00264278 /* inTimeShare.appex */,
			);
			name = Products;
			sourceTree = "<group>";
		};
		29B97314FDCFA39411CA2CEA /* CustomTemplate */ = {
			isa = PBXGroup;
			children = (
				7CF3F0971D78670E00264278 /* intime-share.entitlements */,
				EB87FDF41871DAF40020F90C /* config.xml */,
				EB87FDF31871DA8E0020F90C /* www */,
				EB87FDF11871DA420020F90C /* Staging */,
				301BF52D109A57CC0062928A /* CordovaLib.xcodeproj */,
				080E96DDFE201D6D7F000001 /* Classes */,
				307C750510C5A3420062BCA9 /* Plugins */,
				29B97315FDCFA39411CA2CEA /* Other Sources */,
				29B97317FDCFA39411CA2CEA /* Resources */,
				7CF3F0861D78663C00264278 /* inTimeShare */,
				29B97323FDCFA39411CA2CEA /* Frameworks */,
				19C28FACFE9D520D11CA2CBB /* Products */,
			);
			name = CustomTemplate;
			sourceTree = "<group>";
		};
		29B97315FDCFA39411CA2CEA /* Other Sources */ = {
			isa = PBXGroup;
			children = (
				32CA4F630368D1EE00C91783 /* intime-share-Prefix.pch */,
				29B97316FDCFA39411CA2CEA /* main.m */,
				ED33DF2A687741AEAF9F8254 /* Bridging-Header.h */,
			);
			name = "Other Sources";
			path = "intime-share";
			sourceTree = "<group>";
		};
		29B97317FDCFA39411CA2CEA /* Resources */ = {
			isa = PBXGroup;
			children = (
				0207DA571B56EA530066E2B4 /* Images.xcassets */,
				3047A50E1AB8057F00498E2A /* config */,
				8D1107310486CEB800E47090 /* intime-share-Info.plist */,
			);
			name = Resources;
			path = "intime-share/Resources";
			sourceTree = "<group>";
		};
		29B97323FDCFA39411CA2CEA /* Frameworks */ = {
			isa = PBXGroup;
			children = (
				7C6CCC271D79DAE000BE3B7D /* libz.1.dylib */,
				0D8F2E4C1D79BF5B00763300 /* libz.tbd */,
				7CF3F0951D78670E00264278 /* PassKit.framework */,
			);
			name = Frameworks;
			sourceTree = "<group>";
		};
		301BF52E109A57CC0062928A /* Products */ = {
			isa = PBXGroup;
			children = (
				301BF535109A57CC0062928A /* libCordova.a */,
			);
			name = Products;
			sourceTree = "<group>";
		};
		3047A50E1AB8057F00498E2A /* config */ = {
			isa = PBXGroup;
			children = (
				3047A50F1AB8059700498E2A /* build-debug.xcconfig */,
				3047A5101AB8059700498E2A /* build-release.xcconfig */,
				3047A5111AB8059700498E2A /* build.xcconfig */,
			);
			name = config;
			sourceTree = "<group>";
		};
		307C750510C5A3420062BCA9 /* Plugins */ = {
			isa = PBXGroup;
			children = (
				58BFE40E40F34AA6B50FA881 /* ShareExtensionHandler.m */,
				B5419F20B9E14085A4D5557E /* ShareExtensionHandler.h */,
				6C448A1E1F804E4096089899 /* CDVFile.m */,
				2CB130E272824BB3A7213DFA /* CDVLocalFilesystem.m */,
				25753A4894A6433C8AE79796 /* CDVAssetLibraryFilesystem.m */,
				AD69279BC02048A795A26105 /* CDVFile.h */,
				0465B13DED2041F692626718 /* CDVLocalFilesystem.h */,
				B93347291A4B4F00BEC1CF70 /* CDVAssetLibraryFilesystem.h */,
			);
			name = Plugins;
			path = "intime-share/Plugins";
			sourceTree = SOURCE_ROOT;
		};
		7C6CCC451D79DD1A00BE3B7D /* SSZipArchive */ = {
			isa = PBXGroup;
			children = (
				7C6CCC461D79DD1A00BE3B7D /* aes */,
				7C6CCC5C1D79DD1A00BE3B7D /* Info.plist */,
				7C6CCC5D1D79DD1A00BE3B7D /* minizip */,
				7C6CCC671D79DD1A00BE3B7D /* SSZipArchive+Swift.swift */,
				7C6CCC681D79DD1A00BE3B7D /* SSZipArchive.h */,
				7C6CCC691D79DD1A00BE3B7D /* SSZipArchive.m */,
				7C6CCC6A1D79DD1A00BE3B7D /* SSZipCommon.h */,
				7C6CCC6B1D79DD1A00BE3B7D /* ZipArchive.h */,
			);
			path = SSZipArchive;
			sourceTree = "<group>";
		};
		7C6CCC461D79DD1A00BE3B7D /* aes */ = {
			isa = PBXGroup;
			children = (
				7C6CCC471D79DD1A00BE3B7D /* aes.h */,
				7C6CCC481D79DD1A00BE3B7D /* aes_via_ace.h */,
				7C6CCC491D79DD1A00BE3B7D /* aescrypt.c */,
				7C6CCC4A1D79DD1A00BE3B7D /* aeskey.c */,
				7C6CCC4B1D79DD1A00BE3B7D /* aesopt.h */,
				7C6CCC4C1D79DD1A00BE3B7D /* aestab.c */,
				7C6CCC4D1D79DD1A00BE3B7D /* aestab.h */,
				7C6CCC4E1D79DD1A00BE3B7D /* brg_endian.h */,
				7C6CCC4F1D79DD1A00BE3B7D /* brg_types.h */,
				7C6CCC501D79DD1A00BE3B7D /* entropy.c */,
				7C6CCC511D79DD1A00BE3B7D /* entropy.h */,
				7C6CCC521D79DD1A00BE3B7D /* fileenc.c */,
				7C6CCC531D79DD1A00BE3B7D /* fileenc.h */,
				7C6CCC541D79DD1A00BE3B7D /* hmac.c */,
				7C6CCC551D79DD1A00BE3B7D /* hmac.h */,
				7C6CCC561D79DD1A00BE3B7D /* prng.c */,
				7C6CCC571D79DD1A00BE3B7D /* prng.h */,
				7C6CCC581D79DD1A00BE3B7D /* pwd2key.c */,
				7C6CCC591D79DD1A00BE3B7D /* pwd2key.h */,
				7C6CCC5A1D79DD1A00BE3B7D /* sha1.c */,
				7C6CCC5B1D79DD1A00BE3B7D /* sha1.h */,
			);
			path = aes;
			sourceTree = "<group>";
		};
		7C6CCC5D1D79DD1A00BE3B7D /* minizip */ = {
			isa = PBXGroup;
			children = (
				7C6CCC5E1D79DD1A00BE3B7D /* crypt.h */,
				7C6CCC5F1D79DD1A00BE3B7D /* ioapi.c */,
				7C6CCC601D79DD1A00BE3B7D /* ioapi.h */,
				7C6CCC611D79DD1A00BE3B7D /* mztools.c */,
				7C6CCC621D79DD1A00BE3B7D /* mztools.h */,
				7C6CCC631D79DD1A00BE3B7D /* unzip.c */,
				7C6CCC641D79DD1A00BE3B7D /* unzip.h */,
				7C6CCC651D79DD1A00BE3B7D /* zip.c */,
				7C6CCC661D79DD1A00BE3B7D /* zip.h */,
			);
			path = minizip;
			sourceTree = "<group>";
		};
		7CF3F0861D78663C00264278 /* inTimeShare */ = {
			isa = PBXGroup;
			children = (
				7C6CCC451D79DD1A00BE3B7D /* SSZipArchive */,
				7CF3F0981D78672400264278 /* inTimeShare.entitlements */,
				7CF3F0871D78663C00264278 /* ShareViewController.h */,
				7CF3F0881D78663C00264278 /* ShareViewController.m */,
				7CF3F08A1D78663C00264278 /* MainInterface.storyboard */,
				7CF3F08D1D78663C00264278 /* Info.plist */,
			);
			path = inTimeShare;
			sourceTree = "<group>";
		};
		EB87FDF11871DA420020F90C /* Staging */ = {
			isa = PBXGroup;
			children = (
				F840E1F0165FE0F500CFE078 /* config.xml */,
				301BF56E109A69640062928A /* www */,
			);
			name = Staging;
			sourceTree = "<group>";
		};
/* End PBXGroup section */

/* Begin PBXNativeTarget section */
		1D6058900D05DD3D006BFB54 /* intime-share */ = {
			isa = PBXNativeTarget;
			buildConfigurationList = 1D6058960D05DD3E006BFB54 /* Build configuration list for PBXNativeTarget "intime-share" */;
			buildPhases = (
				304B58A110DAC018002A0835 /* Copy www directory */,
				1D60588D0D05DD3D006BFB54 /* Resources */,
				1D60588E0D05DD3D006BFB54 /* Sources */,
				1D60588F0D05DD3D006BFB54 /* Frameworks */,
				7CF3F0941D78663C00264278 /* Embed App Extensions */,
			);
			buildRules = (
			);
			dependencies = (
				301BF551109A68C00062928A /* PBXTargetDependency */,
				7CF3F08F1D78663C00264278 /* PBXTargetDependency */,
			);
			name = "intime-share";
			productName = "intime-share";
			productReference = 1D6058910D05DD3D006BFB54 /* intime-share.app */;
			productType = "com.apple.product-type.application";
		};
		7CF3F0841D78663C00264278 /* inTimeShare */ = {
			isa = PBXNativeTarget;
			buildConfigurationList = 7CF3F0931D78663C00264278 /* Build configuration list for PBXNativeTarget "inTimeShare" */;
			buildPhases = (
				7CF3F0811D78663C00264278 /* Sources */,
				7CF3F0821D78663C00264278 /* Frameworks */,
				7CF3F0831D78663C00264278 /* Resources */,
			);
			buildRules = (
			);
			dependencies = (
			);
			name = inTimeShare;
			productName = inTimeShare;
			productReference = 7CF3F0851D78663C00264278 /* inTimeShare.appex */;
			productType = "com.apple.product-type.app-extension";
		};
/* End PBXNativeTarget section */

/* Begin PBXProject section */
		29B97313FDCFA39411CA2CEA /* Project object */ = {
			isa = PBXProject;
			attributes = {
				LastSwiftUpdateCheck = 0730;
				LastUpgradeCheck = 510;
				TargetAttributes = {
					1D6058900D05DD3D006BFB54 = {
						DevelopmentTeam = EWU83H92V3;
						SystemCapabilities = {
							com.apple.ApplicationGroups.iOS = {
								enabled = 1;
							};
							com.apple.Wallet = {
								enabled = 1;
							};
						};
					};
					7CF3F0841D78663C00264278 = {
						CreatedOnToolsVersion = 7.3.1;
						DevelopmentTeam = EWU83H92V3;
						SystemCapabilities = {
							com.apple.ApplicationGroups.iOS = {
								enabled = 1;
							};
						};
					};
				};
			};
			buildConfigurationList = C01FCF4E08A954540054247B /* Build configuration list for PBXProject "intime-share" */;
			compatibilityVersion = "Xcode 3.2";
			developmentRegion = English;
			hasScannedForEncodings = 1;
			knownRegions = (
				en,
				Base,
			);
			mainGroup = 29B97314FDCFA39411CA2CEA /* CustomTemplate */;
			projectDirPath = "";
			projectReferences = (
				{
					ProductGroup = 301BF52E109A57CC0062928A /* Products */;
					ProjectRef = 301BF52D109A57CC0062928A /* CordovaLib.xcodeproj */;
				},
			);
			projectRoot = "";
			targets = (
				1D6058900D05DD3D006BFB54 /* intime-share */,
				7CF3F0841D78663C00264278 /* inTimeShare */,
			);
		};
/* End PBXProject section */

/* Begin PBXReferenceProxy section */
		301BF535109A57CC0062928A /* libCordova.a */ = {
			isa = PBXReferenceProxy;
			fileType = archive.ar;
			path = libCordova.a;
			remoteRef = 301BF534109A57CC0062928A /* PBXContainerItemProxy */;
			sourceTree = BUILT_PRODUCTS_DIR;
		};
/* End PBXReferenceProxy section */

/* Begin PBXResourcesBuildPhase section */
		1D60588D0D05DD3D006BFB54 /* Resources */ = {
			isa = PBXResourcesBuildPhase;
			buildActionMask = 2147483647;
			files = (
				302D95F214D2391D003F00A1 /* MainViewController.xib in Resources */,
				3047A5131AB8059700498E2A /* build-release.xcconfig in Resources */,
				7C6CCC7E1D79DD1A00BE3B7D /* Info.plist in Resources */,
				3047A5141AB8059700498E2A /* build.xcconfig in Resources */,
				0207DA581B56EA530066E2B4 /* Images.xcassets in Resources */,
				3047A5121AB8059700498E2A /* build-debug.xcconfig in Resources */,
			);
			runOnlyForDeploymentPostprocessing = 0;
		};
		7CF3F0831D78663C00264278 /* Resources */ = {
			isa = PBXResourcesBuildPhase;
			buildActionMask = 2147483647;
			files = (
				7C6CCC7F1D79DD1A00BE3B7D /* Info.plist in Resources */,
				7CF3F08C1D78663C00264278 /* MainInterface.storyboard in Resources */,
			);
			runOnlyForDeploymentPostprocessing = 0;
		};
/* End PBXResourcesBuildPhase section */

/* Begin PBXShellScriptBuildPhase section */
		304B58A110DAC018002A0835 /* Copy www directory */ = {
			isa = PBXShellScriptBuildPhase;
			buildActionMask = 2147483647;
			files = (
			);
			inputPaths = (
			);
			name = "Copy www directory";
			outputPaths = (
			);
			runOnlyForDeploymentPostprocessing = 0;
			shellPath = /bin/sh;
			shellScript = "NODEJS_PATH=/usr/local/bin; NVM_NODE_PATH=~/.nvm/versions/node/`nvm version 2>/dev/null`/bin; N_NODE_PATH=`find /usr/local/n/versions/node/* -maxdepth 0 -type d 2>/dev/null | tail -1`/bin; XCODE_NODE_PATH=`xcode-select --print-path`/usr/share/xcs/Node/bin; PATH=$NODEJS_PATH:$NVM_NODE_PATH:$N_NODE_PATH:$XCODE_NODE_PATH:$PATH && node cordova/lib/copy-www-build-step.js";
			showEnvVarsInLog = 0;
		};
/* End PBXShellScriptBuildPhase section */

/* Begin PBXSourcesBuildPhase section */
		1D60588E0D05DD3D006BFB54 /* Sources */ = {
			isa = PBXSourcesBuildPhase;
			buildActionMask = 2147483647;
			files = (
				7C6CCC7A1D79DD1A00BE3B7D /* pwd2key.c in Sources */,
				7C6CCC781D79DD1A00BE3B7D /* prng.c in Sources */,
				7C6CCC701D79DD1A00BE3B7D /* aestab.c in Sources */,
				7C6CCC821D79DD1A00BE3B7D /* mztools.c in Sources */,
				7C6CCC7C1D79DD1A00BE3B7D /* sha1.c in Sources */,
				1D60589B0D05DD56006BFB54 /* main.m in Sources */,
				7C6CCC841D79DD1A00BE3B7D /* unzip.c in Sources */,
				1D3623260D0F684500981E51 /* AppDelegate.m in Sources */,
				7C6CCC801D79DD1A00BE3B7D /* ioapi.c in Sources */,
				302D95F114D2391D003F00A1 /* MainViewController.m in Sources */,
				95AF06E31F4148D5B03D73A3 /* ShareExtensionHandler.m in Sources */,
				3F04761DB3FB4D1F8F666B94 /* CDVFile.m in Sources */,
				7C6CCC741D79DD1A00BE3B7D /* fileenc.c in Sources */,
				F9BFD99FD328440080E2BCE1 /* CDVLocalFilesystem.m in Sources */,
				7C6CCC761D79DD1A00BE3B7D /* hmac.c in Sources */,
				7CF3F09A1D79C7A300264278 /* ShareViewController.m in Sources */,
				7C6CCC6C1D79DD1A00BE3B7D /* aescrypt.c in Sources */,
				E5F1B0ACFB6F47269095F966 /* CDVAssetLibraryFilesystem.m in Sources */,
				7C6CCC861D79DD1A00BE3B7D /* zip.c in Sources */,
				7C6CCC8A1D79DD1A00BE3B7D /* SSZipArchive.m in Sources */,
				7C6CCC6E1D79DD1A00BE3B7D /* aeskey.c in Sources */,
				7C6CCC721D79DD1A00BE3B7D /* entropy.c in Sources */,
			);
			runOnlyForDeploymentPostprocessing = 0;
		};
		7CF3F0811D78663C00264278 /* Sources */ = {
			isa = PBXSourcesBuildPhase;
			buildActionMask = 2147483647;
			files = (
				7C6CCC7D1D79DD1A00BE3B7D /* sha1.c in Sources */,
				7C6CCC751D79DD1A00BE3B7D /* fileenc.c in Sources */,
				7C6CCC831D79DD1A00BE3B7D /* mztools.c in Sources */,
				7C6CCC8B1D79DD1A00BE3B7D /* SSZipArchive.m in Sources */,
				7C6CCC771D79DD1A00BE3B7D /* hmac.c in Sources */,
				7C6CCC851D79DD1A00BE3B7D /* unzip.c in Sources */,
				7C6CCC6F1D79DD1A00BE3B7D /* aeskey.c in Sources */,
				7C6CCC711D79DD1A00BE3B7D /* aestab.c in Sources */,
				7C6CCC6D1D79DD1A00BE3B7D /* aescrypt.c in Sources */,
				7C6CCC731D79DD1A00BE3B7D /* entropy.c in Sources */,
				7C6CCC791D79DD1A00BE3B7D /* prng.c in Sources */,
				7C6CCC811D79DD1A00BE3B7D /* ioapi.c in Sources */,
				7C6CCC871D79DD1A00BE3B7D /* zip.c in Sources */,
				7C6CCC7B1D79DD1A00BE3B7D /* pwd2key.c in Sources */,
				7CC8DD121D79D57D0052E0FF /* ShareViewController.m in Sources */,
			);
			runOnlyForDeploymentPostprocessing = 0;
		};
/* End PBXSourcesBuildPhase section */

/* Begin PBXTargetDependency section */
		301BF551109A68C00062928A /* PBXTargetDependency */ = {
			isa = PBXTargetDependency;
			name = CordovaLib;
			targetProxy = 301BF550109A68C00062928A /* PBXContainerItemProxy */;
		};
		7CF3F08F1D78663C00264278 /* PBXTargetDependency */ = {
			isa = PBXTargetDependency;
			target = 7CF3F0841D78663C00264278 /* inTimeShare */;
			targetProxy = 7CF3F08E1D78663C00264278 /* PBXContainerItemProxy */;
		};
/* End PBXTargetDependency section */

/* Begin PBXVariantGroup section */
		7CF3F08A1D78663C00264278 /* MainInterface.storyboard */ = {
			isa = PBXVariantGroup;
			children = (
				7CF3F08B1D78663C00264278 /* Base */,
			);
			name = MainInterface.storyboard;
			sourceTree = "<group>";
		};
/* End PBXVariantGroup section */

/* Begin XCBuildConfiguration section */
		1D6058940D05DD3E006BFB54 /* Debug */ = {
			isa = XCBuildConfiguration;
			baseConfigurationReference = 3047A50F1AB8059700498E2A /* build-debug.xcconfig */;
			buildSettings = {
				ALWAYS_SEARCH_USER_PATHS = NO;
				ASSETCATALOG_COMPILER_APPICON_NAME = AppIcon;
				ASSETCATALOG_COMPILER_LAUNCHIMAGE_NAME = LaunchImage;
				CLANG_ENABLE_MODULES = YES;
				CLANG_ENABLE_OBJC_ARC = YES;
				CODE_SIGN_ENTITLEMENTS = "intime-share/intime-share.entitlements";
				COPY_PHASE_STRIP = NO;
				GCC_DYNAMIC_NO_PIC = NO;
				GCC_OPTIMIZATION_LEVEL = 0;
				GCC_PRECOMPILE_PREFIX_HEADER = YES;
				GCC_PREFIX_HEADER = "intime-share/intime-share-Prefix.pch";
				GCC_THUMB_SUPPORT = NO;
				GCC_VERSION = "";
				INFOPLIST_FILE = "intime-share/intime-share-Info.plist";
				LD_RUNPATH_SEARCH_PATHS = "@executable_path/Frameworks";
				PRODUCT_NAME = "intime-share";
			};
			name = Debug;
		};
		1D6058950D05DD3E006BFB54 /* Release */ = {
			isa = XCBuildConfiguration;
			baseConfigurationReference = 3047A5101AB8059700498E2A /* build-release.xcconfig */;
			buildSettings = {
				ALWAYS_SEARCH_USER_PATHS = NO;
				ASSETCATALOG_COMPILER_APPICON_NAME = AppIcon;
				ASSETCATALOG_COMPILER_LAUNCHIMAGE_NAME = LaunchImage;
				CLANG_ENABLE_MODULES = YES;
				CLANG_ENABLE_OBJC_ARC = YES;
				CODE_SIGN_ENTITLEMENTS = "intime-share/intime-share.entitlements";
				COPY_PHASE_STRIP = YES;
				GCC_PRECOMPILE_PREFIX_HEADER = YES;
				GCC_PREFIX_HEADER = "intime-share/intime-share-Prefix.pch";
				GCC_THUMB_SUPPORT = NO;
				GCC_VERSION = "";
				INFOPLIST_FILE = "intime-share/intime-share-Info.plist";
				PRODUCT_NAME = "intime-share";
			};
			name = Release;
		};
		7CF3F0911D78663C00264278 /* Debug */ = {
			isa = XCBuildConfiguration;
			buildSettings = {
				ALWAYS_SEARCH_USER_PATHS = NO;
				CLANG_ANALYZER_NONNULL = YES;
				CLANG_CXX_LANGUAGE_STANDARD = "gnu++0x";
				CLANG_CXX_LIBRARY = "libc++";
				CLANG_WARN_DIRECT_OBJC_ISA_USAGE = YES_ERROR;
				CLANG_WARN_OBJC_ROOT_CLASS = YES_ERROR;
				CLANG_WARN_UNREACHABLE_CODE = YES;
				CODE_SIGN_ENTITLEMENTS = inTimeShare/inTimeShare.entitlements;
				"CODE_SIGN_IDENTITY[sdk=iphoneos*]" = "iPhone Developer";
				COPY_PHASE_STRIP = NO;
				DEBUG_INFORMATION_FORMAT = dwarf;
				ENABLE_STRICT_OBJC_MSGSEND = YES;
				ENABLE_TESTABILITY = YES;
				GCC_C_LANGUAGE_STANDARD = gnu99;
				GCC_DYNAMIC_NO_PIC = NO;
				GCC_NO_COMMON_BLOCKS = YES;
				GCC_OPTIMIZATION_LEVEL = 0;
				GCC_PREPROCESSOR_DEFINITIONS = (
					"DEBUG=1",
					"$(inherited)",
				);
				GCC_WARN_64_TO_32_BIT_CONVERSION = YES;
				GCC_WARN_ABOUT_RETURN_TYPE = YES_ERROR;
				GCC_WARN_UNINITIALIZED_AUTOS = YES_AGGRESSIVE;
				INFOPLIST_FILE = inTimeShare/Info.plist;
				IPHONEOS_DEPLOYMENT_TARGET = 9.3;
				LD_RUNPATH_SEARCH_PATHS = "$(inherited) @executable_path/Frameworks @executable_path/../../Frameworks";
				MTL_ENABLE_DEBUG_INFO = YES;
				"OTHER_LDFLAGS[arch=*]" = "-lz";
				PRODUCT_BUNDLE_IDENTIFIER = com.intime.share.inTimeShare;
				PRODUCT_NAME = "$(TARGET_NAME)";
				SKIP_INSTALL = YES;
			};
			name = Debug;
		};
		7CF3F0921D78663C00264278 /* Release */ = {
			isa = XCBuildConfiguration;
			buildSettings = {
				ALWAYS_SEARCH_USER_PATHS = NO;
				CLANG_ANALYZER_NONNULL = YES;
				CLANG_CXX_LANGUAGE_STANDARD = "gnu++0x";
				CLANG_CXX_LIBRARY = "libc++";
				CLANG_WARN_DIRECT_OBJC_ISA_USAGE = YES_ERROR;
				CLANG_WARN_OBJC_ROOT_CLASS = YES_ERROR;
				CLANG_WARN_UNREACHABLE_CODE = YES;
				CODE_SIGN_ENTITLEMENTS = inTimeShare/inTimeShare.entitlements;
				"CODE_SIGN_IDENTITY[sdk=iphoneos*]" = "iPhone Developer";
				COPY_PHASE_STRIP = NO;
				DEBUG_INFORMATION_FORMAT = "dwarf-with-dsym";
				ENABLE_NS_ASSERTIONS = NO;
				ENABLE_STRICT_OBJC_MSGSEND = YES;
				GCC_C_LANGUAGE_STANDARD = gnu99;
				GCC_NO_COMMON_BLOCKS = YES;
				GCC_WARN_64_TO_32_BIT_CONVERSION = YES;
				GCC_WARN_ABOUT_RETURN_TYPE = YES_ERROR;
				GCC_WARN_UNINITIALIZED_AUTOS = YES_AGGRESSIVE;
				INFOPLIST_FILE = inTimeShare/Info.plist;
				IPHONEOS_DEPLOYMENT_TARGET = 9.3;
				LD_RUNPATH_SEARCH_PATHS = "$(inherited) @executable_path/Frameworks @executable_path/../../Frameworks";
				MTL_ENABLE_DEBUG_INFO = NO;
				"OTHER_LDFLAGS[arch=*]" = "-lz";
				PRODUCT_BUNDLE_IDENTIFIER = com.intime.share.inTimeShare;
				PRODUCT_NAME = "$(TARGET_NAME)";
				SKIP_INSTALL = YES;
				VALIDATE_PRODUCT = YES;
			};
			name = Release;
		};
		C01FCF4F08A954540054247B /* Debug */ = {
			isa = XCBuildConfiguration;
			baseConfigurationReference = 3047A5111AB8059700498E2A /* build.xcconfig */;
			buildSettings = {
				CLANG_ENABLE_MODULES = YES;
				CLANG_ENABLE_OBJC_ARC = YES;
				CLANG_WARN_BOOL_CONVERSION = YES;
				CLANG_WARN_CONSTANT_CONVERSION = YES;
				CLANG_WARN_EMPTY_BODY = YES;
				CLANG_WARN_ENUM_CONVERSION = YES;
				CLANG_WARN_INT_CONVERSION = YES;
				CLANG_WARN__DUPLICATE_METHOD_MATCH = YES;
				GCC_C_LANGUAGE_STANDARD = c99;
				GCC_THUMB_SUPPORT = NO;
				GCC_VERSION = "";
				GCC_WARN_ABOUT_RETURN_TYPE = YES;
				GCC_WARN_UNDECLARED_SELECTOR = YES;
				GCC_WARN_UNINITIALIZED_AUTOS = YES;
				GCC_WARN_UNUSED_FUNCTION = YES;
				GCC_WARN_UNUSED_VARIABLE = YES;
				ONLY_ACTIVE_ARCH = YES;
				SDKROOT = iphoneos;
				SKIP_INSTALL = NO;
			};
			name = Debug;
		};
		C01FCF5008A954540054247B /* Release */ = {
			isa = XCBuildConfiguration;
			baseConfigurationReference = 3047A5111AB8059700498E2A /* build.xcconfig */;
			buildSettings = {
				CLANG_ENABLE_MODULES = YES;
				CLANG_ENABLE_OBJC_ARC = YES;
				CLANG_WARN_BOOL_CONVERSION = YES;
				CLANG_WARN_CONSTANT_CONVERSION = YES;
				CLANG_WARN_EMPTY_BODY = YES;
				CLANG_WARN_ENUM_CONVERSION = YES;
				CLANG_WARN_INT_CONVERSION = YES;
				CLANG_WARN__DUPLICATE_METHOD_MATCH = YES;
				GCC_C_LANGUAGE_STANDARD = c99;
				GCC_THUMB_SUPPORT = NO;
				GCC_VERSION = "";
				GCC_WARN_ABOUT_RETURN_TYPE = YES;
				GCC_WARN_UNDECLARED_SELECTOR = YES;
				GCC_WARN_UNINITIALIZED_AUTOS = YES;
				GCC_WARN_UNUSED_FUNCTION = YES;
				GCC_WARN_UNUSED_VARIABLE = YES;
				SDKROOT = iphoneos;
				SKIP_INSTALL = NO;
			};
			name = Release;
		};
/* End XCBuildConfiguration section */

/* Begin XCConfigurationList section */
		1D6058960D05DD3E006BFB54 /* Build configuration list for PBXNativeTarget "intime-share" */ = {
			isa = XCConfigurationList;
			buildConfigurations = (
				1D6058940D05DD3E006BFB54 /* Debug */,
				1D6058950D05DD3E006BFB54 /* Release */,
			);
			defaultConfigurationIsVisible = 0;
			defaultConfigurationName = Release;
		};
		7CF3F0931D78663C00264278 /* Build configuration list for PBXNativeTarget "inTimeShare" */ = {
			isa = XCConfigurationList;
			buildConfigurations = (
				7CF3F0911D78663C00264278 /* Debug */,
				7CF3F0921D78663C00264278 /* Release */,
			);
			defaultConfigurationIsVisible = 0;
			defaultConfigurationName = Release;
		};
		C01FCF4E08A954540054247B /* Build configuration list for PBXProject "intime-share" */ = {
			isa = XCConfigurationList;
			buildConfigurations = (
				C01FCF4F08A954540054247B /* Debug */,
				C01FCF5008A954540054247B /* Release */,
			);
			defaultConfigurationIsVisible = 0;
			defaultConfigurationName = Release;
		};
/* End XCConfigurationList section */
	};
	rootObject = 29B97313FDCFA39411CA2CEA /* Project object */;
}
